
Microsoft Visual Studio Solution File, Format Version 12.00
# Visual Studio Version 17
VisualStudioVersion = 17.5.002.0
MinimumVisualStudioVersion = 10.0.40219.1
Project("{9A19103F-16F7-4668-BE54-9A1E7A4F7556}") = "letter-grade-calculator-Isaiah-Cargill-student", "letter-grade-calculator-Isaiah-Cargill-student.csproj", "{1C223A57-6E21-40C9-8723-5E921D371A81}"
EndProject
Global
	GlobalSection(SolutionConfigurationPlatforms) = preSolution
		Debug|Any CPU = Debug|Any CPU
		Release|Any CPU = Release|Any CPU
	EndGlobalSection
	GlobalSection(ProjectConfigurationPlatforms) = postSolution
		{1C223A57-6E21-40C9-8723-5E921D371A81}.Debug|Any CPU.ActiveCfg = Debug|Any CPU
		{1C223A57-6E21-40C9-8723-5E921D371A81}.Debug|Any CPU.Build.0 = Debug|Any CPU
		{1C223A57-6E21-40C9-8723-5E921D371A81}.Release|Any CPU.ActiveCfg = Release|Any CPU
		{1C223A57-6E21-40C9-8723-5E921D371A81}.Release|Any CPU.Build.0 = Release|Any CPU
	EndGlobalSection
	GlobalSection(SolutionProperties) = preSolution
		HideSolutionNode = FALSE
	EndGlobalSection
	GlobalSection(ExtensibilityGlobals) = postSolution
		SolutionGuid = {87392826-BE05-4B8B-B95E-46349C8F4539}
	EndGlobalSection
EndGlobal
